// !$*UTF8*$!
{
	archiveVersion = 1;
	classes = {
	};
	objectVersion = 77;
	objects = {

/* Begin PBXBuildFile section */
		51B130432E71E61A002072D4 /* LICENSE in Resources */ = {isa = PBXBuildFile; fileRef = 51B130402E71E61A002072D4 /* LICENSE */; };
		51B130442E71E61A002072D4 /* README.md in Resources */ = {isa = PBXBuildFile; fileRef = 51B130412E71E61A002072D4 /* README.md */; };
		51B130452E71E61A002072D4 /* CHANGELOG.md in Resources */ = {isa = PBXBuildFile; fileRef = 51B1303E2E71E61A002072D4 /* CHANGELOG.md */; };
		51B130462E71E61A002072D4 /* CONTRIBUTING.md in Resources */ = {isa = PBXBuildFile; fileRef = 51B1303F2E71E61A002072D4 /* CONTRIBUTING.md */; };
		51B130472E71E61A002072D4 /* SECURITY.md in Resources */ = {isa = PBXBuildFile; fileRef = 51B130422E71E61A002072D4 /* SECURITY.md */; };
/* End PBXBuildFile section */

/* Begin PBXContainerItemProxy section */
		51692DF22E71B1FA0014C359 /* PBXContainerItemProxy */ = {
			isa = PBXContainerItemProxy;
			containerPortal = 51692DDC2E71B1F80014C359 /* Project object */;
			proxyType = 1;
			remoteGlobalIDString = 51692DE32E71B1F80014C359;
			remoteInfo = "Our Currency Converter";
		};
		51692DFC2E71B1FA0014C359 /* PBXContainerItemProxy */ = {
			isa = PBXContainerItemProxy;
			containerPortal = 51692DDC2E71B1F80014C359 /* Project object */;
			proxyType = 1;
			remoteGlobalIDString = 51692DE32E71B1F80014C359;
			remoteInfo = "Our Currency Converter";
		};
/* End PBXContainerItemProxy section */

/* Begin PBXFileReference section */
		51692DE42E71B1F80014C359 /* Our Currency Converter.app */ = {isa = PBXFileReference; explicitFileType = wrapper.application; includeInIndex = 0; path = "Our Currency Converter.app"; sourceTree = BUILT_PRODUCTS_DIR; };
		51692DF12E71B1FA0014C359 /* Our Currency ConverterTests.xctest */ = {isa = PBXFileReference; explicitFileType = wrapper.cfbundle; includeInIndex = 0; path = "Our Currency ConverterTests.xctest"; sourceTree = BUILT_PRODUCTS_DIR; };
		51692DFB2E71B1FA0014C359 /* Our Currency ConverterUITests.xctest */ = {isa = PBXFileReference; explicitFileType = wrapper.cfbundle; includeInIndex = 0; path = "Our Currency ConverterUITests.xctest"; sourceTree = BUILT_PRODUCTS_DIR; };
		51B1303E2E71E61A002072D4 /* CHANGELOG.md */ = {isa = PBXFileReference; lastKnownFileType = net.daringfireball.markdown; path = CHANGELOG.md; sourceTree = "<group>"; };
		51B1303F2E71E61A002072D4 /* CONTRIBUTING.md */ = {isa = PBXFileReference; lastKnownFileType = net.daringfireball.markdown; path = CONTRIBUTING.md; sourceTree = "<group>"; };
		51B130402E71E61A002072D4 /* LICENSE */ = {isa = PBXFileReference; lastKnownFileType = text; path = LICENSE; sourceTree = "<group>"; };
		51B130412E71E61A002072D4 /* README.md */ = {isa = PBXFileReference; lastKnownFileType = net.daringfireball.markdown; path = README.md; sourceTree = "<group>"; };
		51B130422E71E61A002072D4 /* SECURITY.md */ = {isa = PBXFileReference; lastKnownFileType = net.daringfireball.markdown; path = SECURITY.md; sourceTree = "<group>"; };
/* End PBXFileReference section */

/* Begin PBXFileSystemSynchronizedRootGroup section */
		51692DE62E71B1F80014C359 /* Our Currency Converter */ = {
			isa = PBXFileSystemSynchronizedRootGroup;
			path = "Our Currency Converter";
			sourceTree = "<group>";
		};
		51692DF42E71B1FA0014C359 /* Our Currency ConverterTests */ = {
			isa = PBXFileSystemSynchronizedRootGroup;
			path = "Our Currency ConverterTests";
			sourceTree = "<group>";
		};
		51692DFE2E71B1FA0014C359 /* Our Currency ConverterUITests */ = {
			isa = PBXFileSystemSynchronizedRootGroup;
			path = "Our Currency ConverterUITests";
			sourceTree = "<group>";
		};
/* End PBXFileSystemSynchronizedRootGroup section */

/* Begin PBXFrameworksBuildPhase section */
		51692DE12E71B1F80014C359 /* Frameworks */ = {
			isa = PBXFrameworksBuildPhase;
			buildActionMask = 2147483647;
			files = (
			);
			runOnlyForDeploymentPostprocessing = 0;
		};
		51692DEE2E71B1FA0014C359 /* Frameworks */ = {
			isa = PBXFrameworksBuildPhase;
			buildActionMask = 2147483647;
			files = (
			);
			runOnlyForDeploymentPostprocessing = 0;
		};
		51692DF82E71B1FA0014C359 /* Frameworks */ = {
			isa = PBXFrameworksBuildPhase;
			buildActionMask = 2147483647;
			files = (
			);
			runOnlyForDeploymentPostprocessing = 0;
		};
/* End PBXFrameworksBuildPhase section */

/* Begin PBXGroup section */
		51692DDB2E71B1F80014C359 = {
			isa = PBXGroup;
			children = (
				51B1303E2E71E61A002072D4 /* CHANGELOG.md */,
				51B1303F2E71E61A002072D4 /* CONTRIBUTING.md */,
				51B130402E71E61A002072D4 /* LICENSE */,
				51B130412E71E61A002072D4 /* README.md */,
				51B130422E71E61A002072D4 /* SECURITY.md */,
				51692DE62E71B1F80014C359 /* Our Currency Converter */,
				51692DF42E71B1FA0014C359 /* Our Currency ConverterTests */,
				51692DFE2E71B1FA0014C359 /* Our Currency ConverterUITests */,
				51692DE52E71B1F80014C359 /* Products */,
			);
			sourceTree = "<group>";
		};
		51692DE52E71B1F80014C359 /* Products */ = {
			isa = PBXGroup;
			children = (
				51692DE42E71B1F80014C359 /* Our Currency Converter.app */,
				51692DF12E71B1FA0014C359 /* Our Currency ConverterTests.xctest */,
				51692DFB2E71B1FA0014C359 /* Our Currency ConverterUITests.xctest */,
			);
			name = Products;
			sourceTree = "<group>";
		};
/* End PBXGroup section */

/* Begin PBXNativeTarget section */
		51692DE32E71B1F80014C359 /* Our Currency Converter */ = {
			isa = PBXNativeTarget;
			buildConfigurationList = 51692E052E71B1FA0014C359 /* Build configuration list for PBXNativeTarget "Our Currency Converter" */;
			buildPhases = (
				51692DE02E71B1F80014C359 /* Sources */,
				51692DE12E71B1F80014C359 /* Frameworks */,
				51692DE22E71B1F80014C359 /* Resources */,
			);
			buildRules = (
			);
			dependencies = (
			);
			fileSystemSynchronizedGroups = (
				51692DE62E71B1F80014C359 /* Our Currency Converter */,
			);
			name = "Our Currency Converter";
			packageProductDependencies = (
			);
			productName = "Our Currency Converter";
			productReference = 51692DE42E71B1F80014C359 /* Our Currency Converter.app */;
			productType = "com.apple.product-type.application";
		};
		51692DF02E71B1FA0014C359 /* Our Currency ConverterTests */ = {
			isa = PBXNativeTarget;
			buildConfigurationList = 51692E082E71B1FA0014C359 /* Build configuration list for PBXNativeTarget "Our Currency ConverterTests" */;
			buildPhases = (
				51692DED2E71B1FA0014C359 /* Sources */,
				51692DEE2E71B1FA0014C359 /* Frameworks */,
				51692DEF2E71B1FA0014C359 /* Resources */,
			);
			buildRules = (
			);
			dependencies = (
				51692DF32E71B1FA0014C359 /* PBXTargetDependency */,
			);
			fileSystemSynchronizedGroups = (
				51692DF42E71B1FA0014C359 /* Our Currency ConverterTests */,
			);
			name = "Our Currency ConverterTests";
			packageProductDependencies = (
			);
			productName = "Our Currency ConverterTests";
			productReference = 51692DF12E71B1FA0014C359 /* Our Currency ConverterTests.xctest */;
			productType = "com.apple.product-type.bundle.unit-test";
		};
		51692DFA2E71B1FA0014C359 /* Our Currency ConverterUITests */ = {
			isa = PBXNativeTarget;
			buildConfigurationList = 51692E0B2E71B1FA0014C359 /* Build configuration list for PBXNativeTarget "Our Currency ConverterUITests" */;
			buildPhases = (
				51692DF72E71B1FA0014C359 /* Sources */,
				51692DF82E71B1FA0014C359 /* Frameworks */,
				51692DF92E71B1FA0014C359 /* Resources */,
			);
			buildRules = (
			);
			dependencies = (
				51692DFD2E71B1FA0014C359 /* PBXTargetDependency */,
			);
			fileSystemSynchronizedGroups = (
				51692DFE2E71B1FA0014C359 /* Our Currency ConverterUITests */,
			);
			name = "Our Currency ConverterUITests";
			packageProductDependencies = (
			);
			productName = "Our Currency ConverterUITests";
			productReference = 51692DFB2E71B1FA0014C359 /* Our Currency ConverterUITests.xctest */;
			productType = "com.apple.product-type.bundle.ui-testing";
		};
/* End PBXNativeTarget section */

/* Begin PBXProject section */
		51692DDC2E71B1F80014C359 /* Project object */ = {
			isa = PBXProject;
			attributes = {
				BuildIndependentTargetsInParallel = 1;
				LastSwiftUpdateCheck = 1640;
				LastUpgradeCheck = 1640;
				TargetAttributes = {
					51692DE32E71B1F80014C359 = {
						CreatedOnToolsVersion = 16.4;
					};
					51692DF02E71B1FA0014C359 = {
						CreatedOnToolsVersion = 16.4;
						TestTargetID = 51692DE32E71B1F80014C359;
					};
					51692DFA2E71B1FA0014C359 = {
						CreatedOnToolsVersion = 16.4;
						TestTargetID = 51692DE32E71B1F80014C359;
					};
				};
			};
			buildConfigurationList = 51692DDF2E71B1F80014C359 /* Build configuration list for PBXProject "Our Currency Converter" */;
			developmentRegion = en;
			hasScannedForEncodings = 0;
			knownRegions = (
				en,
				Base,
			);
			mainGroup = 51692DDB2E71B1F80014C359;
			minimizedProjectReferenceProxies = 1;
			preferredProjectObjectVersion = 77;
			productRefGroup = 51692DE52E71B1F80014C359 /* Products */;
			projectDirPath = "";
			projectRoot = "";
			targets = (
				51692DE32E71B1F80014C359 /* Our Currency Converter */,
				51692DF02E71B1FA0014C359 /* Our Currency ConverterTests */,
				51692DFA2E71B1FA0014C359 /* Our Currency ConverterUITests */,
			);
		};
/* End PBXProject section */

/* Begin PBXResourcesBuildPhase section */
		51692DE22E71B1F80014C359 /* Resources */ = {
			isa = PBXResourcesBuildPhase;
			buildActionMask = 2147483647;
			files = (
				51B130432E71E61A002072D4 /* LICENSE in Resources */,
				51B130442E71E61A002072D4 /* README.md in Resources */,
				51B130452E71E61A002072D4 /* CHANGELOG.md in Resources */,
				51B130462E71E61A002072D4 /* CONTRIBUTING.md in Resources */,
				51B130472E71E61A002072D4 /* SECURITY.md in Resources */,
			);
			runOnlyForDeploymentPostprocessing = 0;
		};
		51692DEF2E71B1FA0014C359 /* Resources */ = {
			isa = PBXResourcesBuildPhase;
			buildActionMask = 2147483647;
			files = (
			);
			runOnlyForDeploymentPostprocessing = 0;
		};
		51692DF92E71B1FA0014C359 /* Resources */ = {
			isa = PBXResourcesBuildPhase;
			buildActionMask = 2147483647;
			files = (
			);
			runOnlyForDeploymentPostprocessing = 0;
		};
/* End PBXResourcesBuildPhase section */

/* Begin PBXSourcesBuildPhase section */
		51692DE02E71B1F80014C359 /* Sources */ = {
			isa = PBXSourcesBuildPhase;
			buildActionMask = 2147483647;
			files = (
			);
			runOnlyForDeploymentPostprocessing = 0;
		};
		51692DED2E71B1FA0014C359 /* Sources */ = {
			isa = PBXSourcesBuildPhase;
			buildActionMask = 2147483647;
			files = (
			);
			runOnlyForDeploymentPostprocessing = 0;
		};
		51692DF72E71B1FA0014C359 /* Sources */ = {
			isa = PBXSourcesBuildPhase;
			buildActionMask = 2147483647;
			files = (
			);
			runOnlyForDeploymentPostprocessing = 0;
		};
/* End PBXSourcesBuildPhase section */

/* Begin PBXTargetDependency section */
		51692DF32E71B1FA0014C359 /* PBXTargetDependency */ = {
			isa = PBXTargetDependency;
			target = 51692DE32E71B1F80014C359 /* Our Currency Converter */;
			targetProxy = 51692DF22E71B1FA0014C359 /* PBXContainerItemProxy */;
		};
		51692DFD2E71B1FA0014C359 /* PBXTargetDependency */ = {
			isa = PBXTargetDependency;
			target = 51692DE32E71B1F80014C359 /* Our Currency Converter */;
			targetProxy = 51692DFC2E71B1FA0014C359 /* PBXContainerItemProxy */;
		};
/* End PBXTargetDependency section */

/* Begin XCBuildConfiguration section */
		51692E032E71B1FA0014C359 /* Debug */ = {
			isa = XCBuildConfiguration;
			buildSettings = {
				ALWAYS_SEARCH_USER_PATHS = NO;
				ASSETCATALOG_COMPILER_GENERATE_SWIFT_ASSET_SYMBOL_EXTENSIONS = YES;
				CLANG_ANALYZER_NONNULL = YES;
				CLANG_ANALYZER_NUMBER_OBJECT_CONVERSION = YES_AGGRESSIVE;
				CLANG_CXX_LANGUAGE_STANDARD = "gnu++20";
				CLANG_ENABLE_MODULES = YES;
				CLANG_ENABLE_OBJC_ARC = YES;
				CLANG_ENABLE_OBJC_WEAK = YES;
				CLANG_WARN_BLOCK_CAPTURE_AUTORELEASING = YES;
				CLANG_WARN_BOOL_CONVERSION = YES;
				CLANG_WARN_COMMA = YES;
				CLANG_WARN_CONSTANT_CONVERSION = YES;
				CLANG_WARN_DEPRECATED_OBJC_IMPLEMENTATIONS = YES;
				CLANG_WARN_DIRECT_OBJC_ISA_USAGE = YES_ERROR;
				CLANG_WARN_DOCUMENTATION_COMMENTS = YES;
				CLANG_WARN_EMPTY_BODY = YES;
				CLANG_WARN_ENUM_CONVERSION = YES;
				CLANG_WARN_INFINITE_RECURSION = YES;
				CLANG_WARN_INT_CONVERSION = YES;
				CLANG_WARN_NON_LITERAL_NULL_CONVERSION = YES;
				CLANG_WARN_OBJC_IMPLICIT_RETAIN_SELF = YES;
				CLANG_WARN_OBJC_LITERAL_CONVERSION = YES;
				CLANG_WARN_OBJC_ROOT_CLASS = YES_ERROR;
				CLANG_WARN_QUOTED_INCLUDE_IN_FRAMEWORK_HEADER = YES;
				CLANG_WARN_RANGE_LOOP_ANALYSIS = YES;
				CLANG_WARN_STRICT_PROTOTYPES = YES;
				CLANG_WARN_SUSPICIOUS_MOVE = YES;
				CLANG_WARN_UNGUARDED_AVAILABILITY = YES_AGGRESSIVE;
				CLANG_WARN_UNREACHABLE_CODE = YES;
				CLANG_WARN__DUPLICATE_METHOD_MATCH = YES;
				COPY_PHASE_STRIP = NO;
				DEBUG_INFORMATION_FORMAT = dwarf;
				ENABLE_STRICT_OBJC_MSGSEND = YES;
				ENABLE_TESTABILITY = YES;
				ENABLE_USER_SCRIPT_SANDBOXING = YES;
				GCC_C_LANGUAGE_STANDARD = gnu17;
				GCC_DYNAMIC_NO_PIC = NO;
				GCC_NO_COMMON_BLOCKS = YES;
				GCC_OPTIMIZATION_LEVEL = 0;
				GCC_PREPROCESSOR_DEFINITIONS = (
					"DEBUG=1",
					"$(inherited)",
				);
				GCC_WARN_64_TO_32_BIT_CONVERSION = YES;
				GCC_WARN_ABOUT_RETURN_TYPE = YES_ERROR;
				GCC_WARN_UNDECLARED_SELECTOR = YES;
				GCC_WARN_UNINITIALIZED_AUTOS = YES_AGGRESSIVE;
				GCC_WARN_UNUSED_FUNCTION = YES;
				GCC_WARN_UNUSED_VARIABLE = YES;
				IPHONEOS_DEPLOYMENT_TARGET = 18.5;
				LOCALIZATION_PREFERS_STRING_CATALOGS = YES;
				MTL_ENABLE_DEBUG_INFO = INCLUDE_SOURCE;
				MTL_FAST_MATH = YES;
				ONLY_ACTIVE_ARCH = YES;
				SDKROOT = iphoneos;
				SWIFT_ACTIVE_COMPILATION_CONDITIONS = "DEBUG $(inherited)";
				SWIFT_OPTIMIZATION_LEVEL = "-Onone";
			};
			name = Debug;
		};
		51692E042E71B1FA0014C359 /* Release */ = {
			isa = XCBuildConfiguration;
			buildSettings = {
				ALWAYS_SEARCH_USER_PATHS = NO;
				ASSETCATALOG_COMPILER_GENERATE_SWIFT_ASSET_SYMBOL_EXTENSIONS = YES;
				CLANG_ANALYZER_NONNULL = YES;
				CLANG_ANALYZER_NUMBER_OBJECT_CONVERSION = YES_AGGRESSIVE;
				CLANG_CXX_LANGUAGE_STANDARD = "gnu++20";
				CLANG_ENABLE_MODULES = YES;
				CLANG_ENABLE_OBJC_ARC = YES;
				CLANG_ENABLE_OBJC_WEAK = YES;
				CLANG_WARN_BLOCK_CAPTURE_AUTORELEASING = YES;
				CLANG_WARN_BOOL_CONVERSION = YES;
				CLANG_WARN_COMMA = YES;
				CLANG_WARN_CONSTANT_CONVERSION = YES;
				CLANG_WARN_DEPRECATED_OBJC_IMPLEMENTATIONS = YES;
				CLANG_WARN_DIRECT_OBJC_ISA_USAGE = YES_ERROR;
				CLANG_WARN_DOCUMENTATION_COMMENTS = YES;
				CLANG_WARN_EMPTY_BODY = YES;
				CLANG_WARN_ENUM_CONVERSION = YES;
				CLANG_WARN_INFINITE_RECURSION = YES;
				CLANG_WARN_INT_CONVERSION = YES;
				CLANG_WARN_NON_LITERAL_NULL_CONVERSION = YES;
				CLANG_WARN_OBJC_IMPLICIT_RETAIN_SELF = YES;
				CLANG_WARN_OBJC_LITERAL_CONVERSION = YES;
				CLANG_WARN_OBJC_ROOT_CLASS = YES_ERROR;
				CLANG_WARN_QUOTED_INCLUDE_IN_FRAMEWORK_HEADER = YES;
				CLANG_WARN_RANGE_LOOP_ANALYSIS = YES;
				CLANG_WARN_STRICT_PROTOTYPES = YES;
				CLANG_WARN_SUSPICIOUS_MOVE = YES;
				CLANG_WARN_UNGUARDED_AVAILABILITY = YES_AGGRESSIVE;
				CLANG_WARN_UNREACHABLE_CODE = YES;
				CLANG_WARN__DUPLICATE_METHOD_MATCH = YES;
				COPY_PHASE_STRIP = NO;
				DEBUG_INFORMATION_FORMAT = "dwarf-with-dsym";
				ENABLE_NS_ASSERTIONS = NO;
				ENABLE_STRICT_OBJC_MSGSEND = YES;
				ENABLE_USER_SCRIPT_SANDBOXING = YES;
				GCC_C_LANGUAGE_STANDARD = gnu17;
				GCC_NO_COMMON_BLOCKS = YES;
				GCC_WARN_64_TO_32_BIT_CONVERSION = YES;
				GCC_WARN_ABOUT_RETURN_TYPE = YES_ERROR;
				GCC_WARN_UNDECLARED_SELECTOR = YES;
				GCC_WARN_UNINITIALIZED_AUTOS = YES_AGGRESSIVE;
				GCC_WARN_UNUSED_FUNCTION = YES;
				GCC_WARN_UNUSED_VARIABLE = YES;
				IPHONEOS_DEPLOYMENT_TARGET = 18.5;
				LOCALIZATION_PREFERS_STRING_CATALOGS = YES;
				MTL_ENABLE_DEBUG_INFO = NO;
				MTL_FAST_MATH = YES;
				SDKROOT = iphoneos;
				SWIFT_COMPILATION_MODE = wholemodule;
				VALIDATE_PRODUCT = YES;
			};
			name = Release;
		};
		51692E062E71B1FA0014C359 /* Debug */ = {
			isa = XCBuildConfiguration;
			buildSettings = {
				ASSETCATALOG_COMPILER_APPICON_NAME = AppIcon;
				ASSETCATALOG_COMPILER_GLOBAL_ACCENT_COLOR_NAME = AccentColor;
				CODE_SIGN_STYLE = Automatic;
				CURRENT_PROJECT_VERSION = 1;
				ENABLE_PREVIEWS = YES;
				GENERATE_INFOPLIST_FILE = YES;
				INFOPLIST_KEY_CFBundleDisplayName = "Our Currency Converter";
				INFOPLIST_KEY_LSApplicationCategoryType = "public.app-category.utilities";
				INFOPLIST_KEY_UIApplicationSceneManifest_Generation = YES;
				INFOPLIST_KEY_UIApplicationSupportsIndirectInputEvents = YES;
				INFOPLIST_KEY_UILaunchScreen_Generation = YES;
				INFOPLIST_KEY_UISupportedInterfaceOrientations_iPad = "UIInterfaceOrientationPortrait UIInterfaceOrientationPortraitUpsideDown UIInterfaceOrientationLandscapeLeft UIInterfaceOrientationLandscapeRight";
				INFOPLIST_KEY_UISupportedInterfaceOrientations_iPhone = "UIInterfaceOrientationPortrait UIInterfaceOrientationLandscapeLeft UIInterfaceOrientationLandscapeRight";
				LD_RUNPATH_SEARCH_PATHS = (
					"$(inherited)",
					"@executable_path/Frameworks",
				);
				MARKETING_VERSION = 0.1.0;
				PRODUCT_BUNDLE_IDENTIFIER = "net.sertiva.Our-Currency-Converter";
				PRODUCT_NAME = "$(TARGET_NAME)";
				SWIFT_EMIT_LOC_STRINGS = YES;
				SWIFT_VERSION = 5.0;
				TARGETED_DEVICE_FAMILY = "1,2";
			};
			name = Debug;
		};
		51692E072E71B1FA0014C359 /* Release */ = {
			isa = XCBuildConfiguration;
			buildSettings = {
				ASSETCATALOG_COMPILER_APPICON_NAME = AppIcon;
				ASSETCATALOG_COMPILER_GLOBAL_ACCENT_COLOR_NAME = AccentColor;
				CODE_SIGN_STYLE = Automatic;
				CURRENT_PROJECT_VERSION = 1;
				ENABLE_PREVIEWS = YES;
				GENERATE_INFOPLIST_FILE = YES;
				INFOPLIST_KEY_CFBundleDisplayName = "Our Currency Converter";
				INFOPLIST_KEY_LSApplicationCategoryType = "public.app-category.utilities";
				INFOPLIST_KEY_UIApplicationSceneManifest_Generation = YES;
				INFOPLIST_KEY_UIApplicationSupportsIndirectInputEvents = YES;
				INFOPLIST_KEY_UILaunchScreen_Generation = YES;
				INFOPLIST_KEY_UISupportedInterfaceOrientations_iPad = "UIInterfaceOrientationPortrait UIInterfaceOrientationPortraitUpsideDown UIInterfaceOrientationLandscapeLeft UIInterfaceOrientationLandscapeRight";
				INFOPLIST_KEY_UISupportedInterfaceOrientations_iPhone = "UIInterfaceOrientationPortrait UIInterfaceOrientationLandscapeLeft UIInterfaceOrientationLandscapeRight";
				LD_RUNPATH_SEARCH_PATHS = (
					"$(inherited)",
					"@executable_path/Frameworks",
				);
				MARKETING_VERSION = 0.1.0;
				PRODUCT_BUNDLE_IDENTIFIER = "net.sertiva.Our-Currency-Converter";
				PRODUCT_NAME = "$(TARGET_NAME)";
				SWIFT_EMIT_LOC_STRINGS = YES;
				SWIFT_VERSION = 5.0;
				TARGETED_DEVICE_FAMILY = "1,2";
			};
			name = Release;
		};
		51692E092E71B1FA0014C359 /* Debug */ = {
			isa = XCBuildConfiguration;
			buildSettings = {
				BUNDLE_LOADER = "$(TEST_HOST)";
				CODE_SIGN_STYLE = Automatic;
				CURRENT_PROJECT_VERSION = 1;
				GENERATE_INFOPLIST_FILE = YES;
				IPHONEOS_DEPLOYMENT_TARGET = 18.5;
				MARKETING_VERSION = 1.0;
				PRODUCT_BUNDLE_IDENTIFIER = "net.sertiva.Our-Currency-ConverterTests";
				PRODUCT_NAME = "$(TARGET_NAME)";
				SWIFT_EMIT_LOC_STRINGS = NO;
				SWIFT_VERSION = 5.0;
				TARGETED_DEVICE_FAMILY = "1,2";
				TEST_HOST = "$(BUILT_PRODUCTS_DIR)/Our Currency Converter.app/$(BUNDLE_EXECUTABLE_FOLDER_PATH)/Our Currency Converter";
			};
			name = Debug;
		};
		51692E0A2E71B1FA0014C359 /* Release */ = {
			isa = XCBuildConfiguration;
			buildSettings = {
				BUNDLE_LOADER = "$(TEST_HOST)";
				CODE_SIGN_STYLE = Automatic;
				CURRENT_PROJECT_VERSION = 1;
				GENERATE_INFOPLIST_FILE = YES;
				IPHONEOS_DEPLOYMENT_TARGET = 18.5;
				MARKETING_VERSION = 1.0;
				PRODUCT_BUNDLE_IDENTIFIER = "net.sertiva.Our-Currency-ConverterTests";
				PRODUCT_NAME = "$(TARGET_NAME)";
				SWIFT_EMIT_LOC_STRINGS = NO;
				SWIFT_VERSION = 5.0;
				TARGETED_DEVICE_FAMILY = "1,2";
				TEST_HOST = "$(BUILT_PRODUCTS_DIR)/Our Currency Converter.app/$(BUNDLE_EXECUTABLE_FOLDER_PATH)/Our Currency Converter";
			};
			name = Release;
		};
		51692E0C2E71B1FA0014C359 /* Debug */ = {
			isa = XCBuildConfiguration;
			buildSettings = {
				CODE_SIGN_STYLE = Automatic;
				CURRENT_PROJECT_VERSION = 1;
				GENERATE_INFOPLIST_FILE = YES;
				MARKETING_VERSION = 1.0;
				PRODUCT_BUNDLE_IDENTIFIER = "net.sertiva.Our-Currency-ConverterUITests";
				PRODUCT_NAME = "$(TARGET_NAME)";
				SWIFT_EMIT_LOC_STRINGS = NO;
				SWIFT_VERSION = 5.0;
				TARGETED_DEVICE_FAMILY = "1,2";
				TEST_TARGET_NAME = "Our Currency Converter";
			};
			name = Debug;
		};
		51692E0D2E71B1FA0014C359 /* Release */ = {
			isa = XCBuildConfiguration;
			buildSettings = {
				CODE_SIGN_STYLE = Automatic;
				CURRENT_PROJECT_VERSION = 1;
				GENERATE_INFOPLIST_FILE = YES;
				MARKETING_VERSION = 1.0;
				PRODUCT_BUNDLE_IDENTIFIER = "net.sertiva.Our-Currency-ConverterUITests";
				PRODUCT_NAME = "$(TARGET_NAME)";
				SWIFT_EMIT_LOC_STRINGS = NO;
				SWIFT_VERSION = 5.0;
				TARGETED_DEVICE_FAMILY = "1,2";
				TEST_TARGET_NAME = "Our Currency Converter";
			};
			name = Release;
		};
/* End XCBuildConfiguration section */

/* Begin XCConfigurationList section */
		51692DDF2E71B1F80014C359 /* Build configuration list for PBXProject "Our Currency Converter" */ = {
			isa = XCConfigurationList;
			buildConfigurations = (
				51692E032E71B1FA0014C359 /* Debug */,
				51692E042E71B1FA0014C359 /* Release */,
			);
			defaultConfigurationIsVisible = 0;
			defaultConfigurationName = Release;
		};
		51692E052E71B1FA0014C359 /* Build configuration list for PBXNativeTarget "Our Currency Converter" */ = {
			isa = XCConfigurationList;
			buildConfigurations = (
				51692E062E71B1FA0014C359 /* Debug */,
				51692E072E71B1FA0014C359 /* Release */,
			);
			defaultConfigurationIsVisible = 0;
			defaultConfigurationName = Release;
		};
		51692E082E71B1FA0014C359 /* Build configuration list for PBXNativeTarget "Our Currency ConverterTests" */ = {
			isa = XCConfigurationList;
			buildConfigurations = (
				51692E092E71B1FA0014C359 /* Debug */,
				51692E0A2E71B1FA0014C359 /* Release */,
			);
			defaultConfigurationIsVisible = 0;
			defaultConfigurationName = Release;
		};
		51692E0B2E71B1FA0014C359 /* Build configuration list for PBXNativeTarget "Our Currency ConverterUITests" */ = {
			isa = XCConfigurationList;
			buildConfigurations = (
				51692E0C2E71B1FA0014C359 /* Debug */,
				51692E0D2E71B1FA0014C359 /* Release */,
			);
			defaultConfigurationIsVisible = 0;
			defaultConfigurationName = Release;
		};
/* End XCConfigurationList section */
	};
	rootObject = 51692DDC2E71B1F80014C359 /* Project object */;
}
